
Microsoft Visual Studio Solution File, Format Version 12.00
# Visual Studio Version 18
VisualStudioVersion = 18.8.12023.21 stable
MinimumVisualStudioVersion = 10.0.40219.1
Project("{FAE04EC0-301F-11D3-BF4B-00C04F79EFBC}") = "SwitchYard.Hump", "SwitchYard.Hump\SwitchYard.Hump.csproj", "{59EA8A0C-C50F-501F-9EA9-7CB5BE9881A8}"
EndProject
Project("{FAE04EC0-301F-11D3-BF4B-00C04F79EFBC}") = "SwitchYard.Service", "SwitchYard.Service\SwitchYard.Service.csproj", "{FAFC9616-BAFE-7C50-1991-F7D22A081DA9}"
EndProject
Project("{FAE04EC0-301F-11D3-BF4B-00C04F79EFBC}") = "SwitchYard.Capacity", "SwitchYard.Capacity\SwitchYard.Capacity.csproj", "{AAE4DC51-7BF1-4626-8376-CCCEC437060F}"
EndProject
Project("{FAE04EC0-301F-11D3-BF4B-00C04F79EFBC}") = "SwitchYard.CapacityAgent", "SwitchYard.CapacityAgent\SwitchYard.CapacityAgent.csproj", "{3C8BAC4B-D7C3-43E8-A7EE-1B2C7F08FB2E}"
EndProject
Project("{FAE04EC0-301F-11D3-BF4B-00C04F79EFBC}") = "SwitchYard.StationLayout", "..\SwitchYard.StationLayout\backend\SwitchYard.StationLayout.csproj", "{4A9B3792-8A45-4D23-A44C-51D1C8D4BEA1}"
EndProject
Project("{FAE04EC0-301F-11D3-BF4B-00C04F79EFBC}") = "SwitchYard.StationLayout.SmokeTests", "SwitchYard.StationLayout.SmokeTests\SwitchYard.StationLayout.SmokeTests.csproj", "{E9923498-EB1C-4265-9C2E-E30EE57EAAC8}"
EndProject
Project("{FAE04EC0-301F-11D3-BF4B-00C04F79EFBC}") = "SwitchYard.Service.StationLayout.IntegrationTests", "SwitchYard.Service.StationLayout.IntegrationTests\SwitchYard.Service.StationLayout.IntegrationTests.csproj", "{B6250431-1906-4019-880E-BE0D3227025A}"
EndProject
Project("{FAE04EC0-301F-11D3-BF4B-00C04F79EFBC}") = "SwitchYard.OperationProcess.Tests", "SwitchYard.OperationProcess.Tests\SwitchYard.OperationProcess.Tests.csproj", "{D6897112-3E78-4E4B-96AF-A43EE8E21D24}"
EndProject
Global
	GlobalSection(SolutionConfigurationPlatforms) = preSolution
		Debug|Any CPU = Debug|Any CPU
		Release|Any CPU = Release|Any CPU
	EndGlobalSection
	GlobalSection(ProjectConfigurationPlatforms) = postSolution
		{59EA8A0C-C50F-501F-9EA9-7CB5BE9881A8}.Debug|Any CPU.ActiveCfg = Debug|Any CPU
		{59EA8A0C-C50F-501F-9EA9-7CB5BE9881A8}.Debug|Any CPU.Build.0 = Debug|Any CPU
		{59EA8A0C-C50F-501F-9EA9-7CB5BE9881A8}.Release|Any CPU.ActiveCfg = Release|Any CPU
		{59EA8A0C-C50F-501F-9EA9-7CB5BE9881A8}.Release|Any CPU.Build.0 = Release|Any CPU
		{FAFC9616-BAFE-7C50-1991-F7D22A081DA9}.Debug|Any CPU.ActiveCfg = Debug|Any CPU
		{FAFC9616-BAFE-7C50-1991-F7D22A081DA9}.Debug|Any CPU.Build.0 = Debug|Any CPU
		{FAFC9616-BAFE-7C50-1991-F7D22A081DA9}.Release|Any CPU.ActiveCfg = Release|Any CPU
		{FAFC9616-BAFE-7C50-1991-F7D22A081DA9}.Release|Any CPU.Build.0 = Release|Any CPU
		{AAE4DC51-7BF1-4626-8376-CCCEC437060F}.Debug|Any CPU.ActiveCfg = Debug|Any CPU
		{AAE4DC51-7BF1-4626-8376-CCCEC437060F}.Debug|Any CPU.Build.0 = Debug|Any CPU
		{AAE4DC51-7BF1-4626-8376-CCCEC437060F}.Release|Any CPU.ActiveCfg = Release|Any CPU
		{AAE4DC51-7BF1-4626-8376-CCCEC437060F}.Release|Any CPU.Build.0 = Release|Any CPU
		{3C8BAC4B-D7C3-43E8-A7EE-1B2C7F08FB2E}.Debug|Any CPU.ActiveCfg = Debug|Any CPU
		{3C8BAC4B-D7C3-43E8-A7EE-1B2C7F08FB2E}.Debug|Any CPU.Build.0 = Debug|Any CPU
		{3C8BAC4B-D7C3-43E8-A7EE-1B2C7F08FB2E}.Release|Any CPU.ActiveCfg = Release|Any CPU
		{3C8BAC4B-D7C3-43E8-A7EE-1B2C7F08FB2E}.Release|Any CPU.Build.0 = Release|Any CPU
		{4A9B3792-8A45-4D23-A44C-51D1C8D4BEA1}.Debug|Any CPU.ActiveCfg = Debug|Any CPU
		{4A9B3792-8A45-4D23-A44C-51D1C8D4BEA1}.Debug|Any CPU.Build.0 = Debug|Any CPU
		{4A9B3792-8A45-4D23-A44C-51D1C8D4BEA1}.Release|Any CPU.ActiveCfg = Release|Any CPU
		{4A9B3792-8A45-4D23-A44C-51D1C8D4BEA1}.Release|Any CPU.Build.0 = Release|Any CPU
		{E9923498-EB1C-4265-9C2E-E30EE57EAAC8}.Debug|Any CPU.ActiveCfg = Debug|Any CPU
		{E9923498-EB1C-4265-9C2E-E30EE57EAAC8}.Debug|Any CPU.Build.0 = Debug|Any CPU
		{E9923498-EB1C-4265-9C2E-E30EE57EAAC8}.Release|Any CPU.ActiveCfg = Release|Any CPU
		{E9923498-EB1C-4265-9C2E-E30EE57EAAC8}.Release|Any CPU.Build.0 = Release|Any CPU
		{B6250431-1906-4019-880E-BE0D3227025A}.Debug|Any CPU.ActiveCfg = Debug|Any CPU
		{B6250431-1906-4019-880E-BE0D3227025A}.Debug|Any CPU.Build.0 = Debug|Any CPU
		{B6250431-1906-4019-880E-BE0D3227025A}.Release|Any CPU.ActiveCfg = Release|Any CPU
		{B6250431-1906-4019-880E-BE0D3227025A}.Release|Any CPU.Build.0 = Release|Any CPU
		{D6897112-3E78-4E4B-96AF-A43EE8E21D24}.Debug|Any CPU.ActiveCfg = Debug|Any CPU
		{D6897112-3E78-4E4B-96AF-A43EE8E21D24}.Debug|Any CPU.Build.0 = Debug|Any CPU
		{D6897112-3E78-4E4B-96AF-A43EE8E21D24}.Release|Any CPU.ActiveCfg = Release|Any CPU
		{D6897112-3E78-4E4B-96AF-A43EE8E21D24}.Release|Any CPU.Build.0 = Release|Any CPU
	EndGlobalSection
	GlobalSection(SolutionProperties) = preSolution
		HideSolutionNode = FALSE
	EndGlobalSection
	GlobalSection(ExtensibilityGlobals) = postSolution
		SolutionGuid = {B66E22C1-99AA-4FC5-9FC0-E1CD3D0E38FB}
	EndGlobalSection
EndGlobal
